{
  "version": 4,
  "terraform_version": "1.13.2",
  "serial": 73,
  "lineage": "b905af1e-8984-45cb-ebd0-03b3f5ba5c60",
  "outputs": {
    "fqdn": {
      "value": "super-vm-efrei.francecentral.cloudapp.azure.com",
      "type": "string"
    },
    "public_ip_address": {
      "value": "4.212.91.140",
      "type": "string"
    }
  },
  "resources": [
    {
      "mode": "data",
      "type": "azurerm_client_config",
      "name": "current",
      "provider": "provider[\"registry.terraform.io/hashicorp/azurerm\"]",
      "instances": [
        {
          "schema_version": 0,
          "attributes": {
            "client_id": "04b07795-8ddb-461a-bbee-02f9e1bf7b46",
            "id": "Y2xpZW50Q29uZmlncy9jbGllbnRJZD0wNGIwNzc5NS04ZGRiLTQ2MWEtYmJlZS0wMmY5ZTFiZjdiNDY7b2JqZWN0SWQ9MTg3NGI2ZGItM2I4NS00YmVkLWEyY2MtYmY0ZTY5MjY4NzVlO3N1YnNjcmlwdGlvbklkPWEzYmQ1ODJlLTg4ZTQtNDAwMC05NzBlLWIzZTc2OTE0ZTYyODt0ZW5hbnRJZD00MTM2MDBjZi1iZDRlLTRjN2MtOGE2MS02OWU3M2NkZGY3MzE=",
            "object_id": "1874b6db-3b85-4bed-a2cc-bf4e6926875e",
            "subscription_id": "a3bd582e-88e4-4000-970e-b3e76914e628",
            "tenant_id": "413600cf-bd4e-4c7c-8a61-69e73cddf731",
            "timeouts": null
          },
          "sensitive_attributes": [],
          "identity_schema_version": 0
        }
      ]
    },
    {
      "mode": "data",
      "type": "azurerm_virtual_machine",
      "name": "main",
      "provider": "provider[\"registry.terraform.io/hashicorp/azurerm\"]",
      "instances": [
        {
          "schema_version": 0,
          "attributes": {
            "id": "/subscriptions/a3bd582e-88e4-4000-970e-b3e76914e628/resourceGroups/test2/providers/Microsoft.Compute/virtualMachines/super-vm",
            "identity": [
              {
                "identity_ids": [],
                "principal_id": "002b254d-7cc9-4d7a-abb4-2fea6bd10baa",
                "tenant_id": "413600cf-bd4e-4c7c-8a61-69e73cddf731",
                "type": "SystemAssigned"
              }
            ],
            "location": "francecentral",
            "name": "super-vm",
            "power_state": "running",
            "private_ip_address": "10.0.1.4",
            "private_ip_addresses": [
              "10.0.1.4"
            ],
            "public_ip_address": "4.212.91.140",
            "public_ip_addresses": [
              "4.212.91.140"
            ],
            "resource_group_name": "test2",
            "timeouts": null
          },
          "sensitive_attributes": [],
          "identity_schema_version": 0
        }
      ]
    },
    {
      "mode": "managed",
      "type": "azurerm_key_vault",
      "name": "meow_vault",
      "provider": "provider[\"registry.terraform.io/hashicorp/azurerm\"]",
      "instances": [
        {
          "schema_version": 2,
          "attributes": {
            "access_policy": [
              {
                "application_id": "",
                "certificate_permissions": null,
                "key_permissions": null,
                "object_id": "1874b6db-3b85-4bed-a2cc-bf4e6926875e",
                "secret_permissions": [
                  "Get",
                  "List",
                  "Set",
                  "Delete",
                  "Purge",
                  "Recover"
                ],
                "storage_permissions": null,
                "tenant_id": "413600cf-bd4e-4c7c-8a61-69e73cddf731"
              },
              {
                "application_id": "",
                "certificate_permissions": null,
                "key_permissions": null,
                "object_id": "002b254d-7cc9-4d7a-abb4-2fea6bd10baa",
                "secret_permissions": [
                  "Get",
                  "List"
                ],
                "storage_permissions": null,
                "tenant_id": "413600cf-bd4e-4c7c-8a61-69e73cddf731"
              }
            ],
            "contact": [],
            "enable_rbac_authorization": false,
            "enabled_for_deployment": false,
            "enabled_for_disk_encryption": false,
            "enabled_for_template_deployment": false,
            "id": "/subscriptions/a3bd582e-88e4-4000-970e-b3e76914e628/resourceGroups/test2/providers/Microsoft.KeyVault/vaults/jjk-vault",
            "location": "francecentral",
            "name": "jjk-vault",
            "network_acls": [
              {
                "bypass": "AzureServices",
                "default_action": "Allow",
                "ip_rules": [],
                "virtual_network_subnet_ids": []
              }
            ],
            "public_network_access_enabled": true,
            "purge_protection_enabled": false,
            "rbac_authorization_enabled": false,
            "resource_group_name": "test2",
            "sku_name": "standard",
            "soft_delete_retention_days": 7,
            "tags": null,
            "tenant_id": "413600cf-bd4e-4c7c-8a61-69e73cddf731",
            "timeouts": null,
            "vault_uri": "https://jjk-vault.vault.azure.net/"
          },
          "sensitive_attributes": [],
          "identity_schema_version": 0,
          "private": "eyJlMmJmYjczMC1lY2FhLTExZTYtOGY4OC0zNDM2M2JjN2M0YzAiOnsiY3JlYXRlIjoxODAwMDAwMDAwMDAwLCJkZWxldGUiOjE4MDAwMDAwMDAwMDAsInJlYWQiOjMwMDAwMDAwMDAwMCwidXBkYXRlIjoxODAwMDAwMDAwMDAwfSwic2NoZW1hX3ZlcnNpb24iOiIyIn0=",
          "dependencies": [
            "azurerm_linux_virtual_machine.main",
            "azurerm_network_interface.main",
            "azurerm_public_ip.main",
            "azurerm_resource_group.main",
            "azurerm_subnet.main",
            "azurerm_virtual_network.main",
            "data.azurerm_client_config.current"
          ]
        }
      ]
    },
    {
      "mode": "managed",
      "type": "azurerm_key_vault_secret",
      "name": "meow_secret",
      "provider": "provider[\"registry.terraform.io/hashicorp/azurerm\"]",
      "instances": [
        {
          "schema_version": 0,
          "attributes": {
            "content_type": "",
            "expiration_date": null,
            "id": "https://jjk-vault.vault.azure.net/secrets/jjk-secret/b74158ed41754f2993b785a5831611c6",
            "key_vault_id": "/subscriptions/a3bd582e-88e4-4000-970e-b3e76914e628/resourceGroups/test2/providers/Microsoft.KeyVault/vaults/jjk-vault",
            "name": "jjk-secret",
            "not_before_date": null,
            "resource_id": "/subscriptions/a3bd582e-88e4-4000-970e-b3e76914e628/resourceGroups/test2/providers/Microsoft.KeyVault/vaults/jjk-vault/secrets/jjk-secret/versions/b74158ed41754f2993b785a5831611c6",
            "resource_versionless_id": "/subscriptions/a3bd582e-88e4-4000-970e-b3e76914e628/resourceGroups/test2/providers/Microsoft.KeyVault/vaults/jjk-vault/secrets/jjk-secret",
            "tags": null,
            "timeouts": null,
            "value": "ZcY9vv2M##O32Nc2",
            "value_wo": null,
            "value_wo_version": 0,
            "version": "b74158ed41754f2993b785a5831611c6",
            "versionless_id": "https://jjk-vault.vault.azure.net/secrets/jjk-secret"
          },
          "sensitive_attributes": [
            [
              {
                "type": "get_attr",
                "value": "value"
              }
            ]
          ],
          "identity_schema_version": 0,
          "private": "eyJlMmJmYjczMC1lY2FhLTExZTYtOGY4OC0zNDM2M2JjN2M0YzAiOnsiY3JlYXRlIjoxODAwMDAwMDAwMDAwLCJkZWxldGUiOjE4MDAwMDAwMDAwMDAsInJlYWQiOjE4MDAwMDAwMDAwMDAsInVwZGF0ZSI6MTgwMDAwMDAwMDAwMH19",
          "dependencies": [
            "azurerm_key_vault.meow_vault",
            "azurerm_linux_virtual_machine.main",
            "azurerm_network_interface.main",
            "azurerm_public_ip.main",
            "azurerm_resource_group.main",
            "azurerm_subnet.main",
            "azurerm_virtual_network.main",
            "data.azurerm_client_config.current",
            "random_password.meow_secret"
          ]
        }
      ]
    },
    {
      "mode": "managed",
      "type": "azurerm_linux_virtual_machine",
      "name": "main",
      "provider": "provider[\"registry.terraform.io/hashicorp/azurerm\"]",
      "instances": [
        {
          "schema_version": 0,
          "attributes": {
            "additional_capabilities": [],
            "admin_password": "1998Steph",
            "admin_ssh_key": [
              {
                "public_key": "ssh-ed25519 AAAAC3NzaC1lZDI1NTE5AAAAIAT6qFBe4GCDW71H2kuHJBfmsbfmgyZ8bY5U7UnzkjcO stephane@DESKTOP-O34FVP0\r\n",
                "username": "jjk"
              }
            ],
            "admin_username": "jjk",
            "allow_extension_operations": true,
            "availability_set_id": "",
            "boot_diagnostics": [],
            "bypass_platform_safety_checks_on_user_schedule_enabled": false,
            "capacity_reservation_group_id": "",
            "computer_name": "super-vm",
            "custom_data": null,
            "dedicated_host_group_id": "",
            "dedicated_host_id": "",
            "disable_password_authentication": false,
            "disk_controller_type": "",
            "edge_zone": "",
            "encryption_at_host_enabled": false,
            "eviction_policy": "",
            "extensions_time_budget": "PT1H30M",
            "gallery_application": [],
            "id": "/subscriptions/a3bd582e-88e4-4000-970e-b3e76914e628/resourceGroups/test2/providers/Microsoft.Compute/virtualMachines/super-vm",
            "identity": [
              {
                "identity_ids": [],
                "principal_id": "002b254d-7cc9-4d7a-abb4-2fea6bd10baa",
                "tenant_id": "413600cf-bd4e-4c7c-8a61-69e73cddf731",
                "type": "SystemAssigned"
              }
            ],
            "license_type": "",
            "location": "francecentral",
            "max_bid_price": -1,
            "name": "super-vm",
            "network_interface_ids": [
              "/subscriptions/a3bd582e-88e4-4000-970e-b3e76914e628/resourceGroups/test2/providers/Microsoft.Network/networkInterfaces/vm-nic"
            ],
            "os_disk": [
              {
                "caching": "ReadWrite",
                "diff_disk_settings": [],
                "disk_encryption_set_id": "",
                "disk_size_gb": 30,
                "id": "/subscriptions/a3bd582e-88e4-4000-970e-b3e76914e628/resourceGroups/TEST2/providers/Microsoft.Compute/disks/vm-os-disk",
                "name": "vm-os-disk",
                "secure_vm_disk_encryption_set_id": "",
                "security_encryption_type": "",
                "storage_account_type": "Standard_LRS",
                "write_accelerator_enabled": false
              }
            ],
            "os_image_notification": [],
            "os_managed_disk_id": "/subscriptions/a3bd582e-88e4-4000-970e-b3e76914e628/resourceGroups/TEST2/providers/Microsoft.Compute/disks/vm-os-disk",
            "patch_assessment_mode": "ImageDefault",
            "patch_mode": "ImageDefault",
            "plan": [],
            "platform_fault_domain": -1,
            "priority": "Regular",
            "private_ip_address": "10.0.1.4",
            "private_ip_addresses": [
              "10.0.1.4"
            ],
            "provision_vm_agent": true,
            "proximity_placement_group_id": "",
            "public_ip_address": "4.212.91.140",
            "public_ip_addresses": [
              "4.212.91.140"
            ],
            "reboot_setting": "",
            "resource_group_name": "test2",
            "secret": [],
            "secure_boot_enabled": false,
            "size": "Standard_B1s",
            "source_image_id": "",
            "source_image_reference": [
              {
                "offer": "0001-com-ubuntu-server-focal",
                "publisher": "Canonical",
                "sku": "20_04-lts",
                "version": "latest"
              }
            ],
            "tags": {},
            "termination_notification": [],
            "timeouts": null,
            "user_data": "",
            "virtual_machine_id": "cc08ed48-8d4b-48f5-95e7-e443bd080efb",
            "virtual_machine_scale_set_id": "",
            "vm_agent_platform_updates_enabled": false,
            "vtpm_enabled": false,
            "zone": ""
          },
          "sensitive_attributes": [
            [
              {
                "type": "get_attr",
                "value": "admin_password"
              }
            ],
            [
              {
                "type": "get_attr",
                "value": "custom_data"
              }
            ]
          ],
          "identity_schema_version": 0,
          "private": "eyJlMmJmYjczMC1lY2FhLTExZTYtOGY4OC0zNDM2M2JjN2M0YzAiOnsiY3JlYXRlIjoyNzAwMDAwMDAwMDAwLCJkZWxldGUiOjI3MDAwMDAwMDAwMDAsInJlYWQiOjMwMDAwMDAwMDAwMCwidXBkYXRlIjoyNzAwMDAwMDAwMDAwfX0=",
          "dependencies": [
            "azurerm_network_interface.main",
            "azurerm_public_ip.main",
            "azurerm_resource_group.main",
            "azurerm_subnet.main",
            "azurerm_virtual_network.main"
          ]
        }
      ]
    },
    {
      "mode": "managed",
      "type": "azurerm_log_analytics_workspace",
      "name": "main",
      "provider": "provider[\"registry.terraform.io/hashicorp/azurerm\"]",
      "instances": [
        {
          "schema_version": 3,
          "attributes": {
            "allow_resource_only_permissions": true,
            "cmk_for_query_forced": false,
            "daily_quota_gb": -1,
            "data_collection_rule_id": "",
            "id": "/subscriptions/a3bd582e-88e4-4000-970e-b3e76914e628/resourceGroups/test2/providers/Microsoft.OperationalInsights/workspaces/law-test2",
            "identity": [],
            "immediate_data_purge_on_30_days_enabled": false,
            "internet_ingestion_enabled": true,
            "internet_query_enabled": true,
            "local_authentication_disabled": true,
            "local_authentication_enabled": false,
            "location": "francecentral",
            "name": "law-test2",
            "primary_shared_key": "9nfEZOTx8mz2Bj+NBSKMdxStBlbku8qMAJMqJntmc8dgV3LGecfKtPiy4+0lvDp75uCIqMxz/N9VM/d950Rfww==",
            "reservation_capacity_in_gb_per_day": null,
            "resource_group_name": "test2",
            "retention_in_days": 30,
            "secondary_shared_key": "bHY5iTb9LRodWBdFtSEIrErbzyx+P8bHfVUyDvigpUEBiqGdwMyDNupXp2fiFONeZ6JNs01Ku/LprATW1j875Q==",
            "sku": "PerGB2018",
            "tags": {},
            "timeouts": null,
            "workspace_id": "ad5a64c3-9ed2-473a-a251-49f976a65af5"
          },
          "sensitive_attributes": [
            [
              {
                "type": "get_attr",
                "value": "primary_shared_key"
              }
            ],
            [
              {
                "type": "get_attr",
                "value": "secondary_shared_key"
              }
            ]
          ],
          "identity_schema_version": 0,
          "private": "eyJlMmJmYjczMC1lY2FhLTExZTYtOGY4OC0zNDM2M2JjN2M0YzAiOnsiY3JlYXRlIjoxODAwMDAwMDAwMDAwLCJkZWxldGUiOjE4MDAwMDAwMDAwMDAsInJlYWQiOjMwMDAwMDAwMDAwMCwidXBkYXRlIjoxODAwMDAwMDAwMDAwfSwic2NoZW1hX3ZlcnNpb24iOiIzIn0=",
          "dependencies": [
            "azurerm_resource_group.main"
          ]
        }
      ]
    },
    {
      "mode": "managed",
      "type": "azurerm_monitor_action_group",
      "name": "main",
      "provider": "provider[\"registry.terraform.io/hashicorp/azurerm\"]",
      "instances": [
        {
          "schema_version": 1,
          "attributes": {
            "arm_role_receiver": [],
            "automation_runbook_receiver": [],
            "azure_app_push_receiver": [],
            "azure_function_receiver": [],
            "email_receiver": [
              {
                "email_address": "pierre.oloa@efrei.net",
                "name": "admin",
                "use_common_alert_schema": false
              }
            ],
            "enabled": true,
            "event_hub_receiver": [],
            "id": "/subscriptions/a3bd582e-88e4-4000-970e-b3e76914e628/resourceGroups/test2/providers/Microsoft.Insights/actionGroups/ag-test2-alerts",
            "itsm_receiver": [],
            "location": "global",
            "logic_app_receiver": [],
            "name": "ag-test2-alerts",
            "resource_group_name": "test2",
            "short_name": "vm-alerts",
            "sms_receiver": [],
            "tags": {},
            "timeouts": null,
            "voice_receiver": [],
            "webhook_receiver": []
          },
          "sensitive_attributes": [],
          "identity_schema_version": 0,
          "identity": {
            "name": "ag-test2-alerts",
            "resource_group_name": "test2",
            "subscription_id": "a3bd582e-88e4-4000-970e-b3e76914e628"
          },
          "private": "eyJlMmJmYjczMC1lY2FhLTExZTYtOGY4OC0zNDM2M2JjN2M0YzAiOnsiY3JlYXRlIjoxODAwMDAwMDAwMDAwLCJkZWxldGUiOjE4MDAwMDAwMDAwMDAsInJlYWQiOjMwMDAwMDAwMDAwMCwidXBkYXRlIjoxODAwMDAwMDAwMDAwfSwic2NoZW1hX3ZlcnNpb24iOiIxIn0=",
          "dependencies": [
            "azurerm_resource_group.main"
          ]
        }
      ]
    },
    {
      "mode": "managed",
      "type": "azurerm_monitor_data_collection_rule",
      "name": "vm_memory",
      "provider": "provider[\"registry.terraform.io/hashicorp/azurerm\"]",
      "instances": [
        {
          "schema_version": 0,
          "attributes": {
            "data_collection_endpoint_id": "",
            "data_flow": [
              {
                "built_in_transform": "",
                "destinations": [
                  "law-destination"
                ],
                "output_stream": "",
                "streams": [
                  "Microsoft-InsightsMetrics"
                ],
                "transform_kql": ""
              }
            ],
            "data_sources": [
              {
                "data_import": [],
                "extension": [],
                "iis_log": [],
                "log_file": [],
                "performance_counter": [
                  {
                    "counter_specifiers": [
                      "\\Memory\\Available MBytes"
                    ],
                    "name": "memory",
                    "sampling_frequency_in_seconds": 60,
                    "streams": [
                      "Microsoft-InsightsMetrics"
                    ]
                  }
                ],
                "platform_telemetry": [],
                "prometheus_forwarder": [],
                "syslog": [],
                "windows_event_log": [],
                "windows_firewall_log": []
              }
            ],
            "description": "",
            "destinations": [
              {
                "azure_monitor_metrics": [],
                "event_hub": [],
                "event_hub_direct": [],
                "log_analytics": [
                  {
                    "name": "law-destination",
                    "workspace_resource_id": "/subscriptions/a3bd582e-88e4-4000-970e-b3e76914e628/resourceGroups/test2/providers/Microsoft.OperationalInsights/workspaces/law-test2"
                  }
                ],
                "monitor_account": [],
                "storage_blob": [],
                "storage_blob_direct": [],
                "storage_table_direct": []
              }
            ],
            "id": "/subscriptions/a3bd582e-88e4-4000-970e-b3e76914e628/resourceGroups/test2/providers/Microsoft.Insights/dataCollectionRules/dcr-vm-memory",
            "identity": [],
            "immutable_id": "dcr-ef27927fd9d1467888c150670e2f956a",
            "kind": "",
            "location": "francecentral",
            "name": "dcr-vm-memory",
            "resource_group_name": "test2",
            "stream_declaration": [],
            "tags": {},
            "timeouts": null
          },
          "sensitive_attributes": [],
          "identity_schema_version": 0,
          "private": "eyJlMmJmYjczMC1lY2FhLTExZTYtOGY4OC0zNDM2M2JjN2M0YzAiOnsiY3JlYXRlIjoxODAwMDAwMDAwMDAwLCJkZWxldGUiOjE4MDAwMDAwMDAwMDAsInJlYWQiOjMwMDAwMDAwMDAwMCwidXBkYXRlIjoxODAwMDAwMDAwMDAwfX0=",
          "dependencies": [
            "azurerm_log_analytics_workspace.main",
            "azurerm_resource_group.main"
          ]
        }
      ]
    },
    {
      "mode": "managed",
      "type": "azurerm_monitor_data_collection_rule_association",
      "name": "vm",
      "provider": "provider[\"registry.terraform.io/hashicorp/azurerm\"]",
      "instances": [
        {
          "schema_version": 0,
          "attributes": {
            "data_collection_endpoint_id": "",
            "data_collection_rule_id": "/subscriptions/a3bd582e-88e4-4000-970e-b3e76914e628/resourceGroups/test2/providers/Microsoft.Insights/dataCollectionRules/dcr-vm-memory",
            "description": "",
            "id": "/subscriptions/a3bd582e-88e4-4000-970e-b3e76914e628/resourceGroups/test2/providers/Microsoft.Compute/virtualMachines/super-vm/providers/Microsoft.Insights/dataCollectionRuleAssociations/dcr-association",
            "name": "dcr-association",
            "target_resource_id": "/subscriptions/a3bd582e-88e4-4000-970e-b3e76914e628/resourceGroups/test2/providers/Microsoft.Compute/virtualMachines/super-vm",
            "timeouts": null
          },
          "sensitive_attributes": [],
          "identity_schema_version": 0,
          "private": "eyJlMmJmYjczMC1lY2FhLTExZTYtOGY4OC0zNDM2M2JjN2M0YzAiOnsiY3JlYXRlIjoxODAwMDAwMDAwMDAwLCJkZWxldGUiOjE4MDAwMDAwMDAwMDAsInJlYWQiOjMwMDAwMDAwMDAwMCwidXBkYXRlIjoxODAwMDAwMDAwMDAwfX0=",
          "dependencies": [
            "azurerm_linux_virtual_machine.main",
            "azurerm_log_analytics_workspace.main",
            "azurerm_monitor_data_collection_rule.vm_memory",
            "azurerm_network_interface.main",
            "azurerm_public_ip.main",
            "azurerm_resource_group.main",
            "azurerm_subnet.main",
            "azurerm_virtual_network.main"
          ]
        }
      ]
    },
    {
      "mode": "managed",
      "type": "azurerm_monitor_metric_alert",
      "name": "cpu_alert",
      "provider": "provider[\"registry.terraform.io/hashicorp/azurerm\"]",
      "instances": [
        {
          "schema_version": 1,
          "attributes": {
            "action": [
              {
                "action_group_id": "/subscriptions/a3bd582e-88e4-4000-970e-b3e76914e628/resourceGroups/test2/providers/Microsoft.Insights/actionGroups/ag-test2-alerts",
                "webhook_properties": {}
              }
            ],
            "application_insights_web_test_location_availability_criteria": [],
            "auto_mitigate": true,
            "criteria": [
              {
                "aggregation": "Average",
                "dimension": [],
                "metric_name": "Percentage CPU",
                "metric_namespace": "Microsoft.Compute/virtualMachines",
                "operator": "GreaterThan",
                "skip_metric_validation": false,
                "threshold": 70
              }
            ],
            "description": "Alert when CPU usage exceeds 70%",
            "dynamic_criteria": [],
            "enabled": true,
            "frequency": "PT1M",
            "id": "/subscriptions/a3bd582e-88e4-4000-970e-b3e76914e628/resourceGroups/test2/providers/Microsoft.Insights/metricAlerts/cpu-alert-super-vm",
            "name": "cpu-alert-super-vm",
            "resource_group_name": "test2",
            "scopes": [
              "/subscriptions/a3bd582e-88e4-4000-970e-b3e76914e628/resourceGroups/test2/providers/Microsoft.Compute/virtualMachines/super-vm"
            ],
            "severity": 2,
            "tags": {},
            "target_resource_location": "",
            "target_resource_type": "",
            "timeouts": null,
            "window_size": "PT5M"
          },
          "sensitive_attributes": [],
          "identity_schema_version": 0,
          "private": "eyJlMmJmYjczMC1lY2FhLTExZTYtOGY4OC0zNDM2M2JjN2M0YzAiOnsiY3JlYXRlIjoxODAwMDAwMDAwMDAwLCJkZWxldGUiOjE4MDAwMDAwMDAwMDAsInJlYWQiOjMwMDAwMDAwMDAwMCwidXBkYXRlIjoxODAwMDAwMDAwMDAwfSwic2NoZW1hX3ZlcnNpb24iOiIxIn0=",
          "dependencies": [
            "azurerm_linux_virtual_machine.main",
            "azurerm_monitor_action_group.main",
            "azurerm_network_interface.main",
            "azurerm_public_ip.main",
            "azurerm_resource_group.main",
            "azurerm_subnet.main",
            "azurerm_virtual_network.main"
          ]
        }
      ]
    },
    {
      "mode": "managed",
      "type": "azurerm_monitor_scheduled_query_rules_alert",
      "name": "memory_alert",
      "provider": "provider[\"registry.terraform.io/hashicorp/azurerm\"]",
      "instances": [
        {
          "schema_version": 1,
          "attributes": {
            "action": [
              {
                "action_group": [
                  "/subscriptions/a3bd582e-88e4-4000-970e-b3e76914e628/resourceGroups/test2/providers/Microsoft.Insights/actionGroups/ag-test2-alerts"
                ],
                "custom_webhook_payload": "",
                "email_subject": ""
              }
            ],
            "authorized_resource_ids": [],
            "auto_mitigation_enabled": false,
            "data_source_id": "/subscriptions/a3bd582e-88e4-4000-970e-b3e76914e628/resourceGroups/test2/providers/Microsoft.OperationalInsights/workspaces/law-test2",
            "description": "Alert when available RAM is below 512MB",
            "enabled": true,
            "frequency": 5,
            "id": "/subscriptions/a3bd582e-88e4-4000-970e-b3e76914e628/resourceGroups/test2/providers/Microsoft.Insights/scheduledQueryRules/memory-alert-super-vm",
            "location": "francecentral",
            "name": "memory-alert-super-vm",
            "query": "InsightsMetrics\r\n| where Name == \"AvailableMB\"\r\n| summarize avg(Val) by bin(TimeGenerated, 5m)\r\n| where avg_Val \u003c 512\r\n",
            "query_type": "ResultCount",
            "resource_group_name": "test2",
            "severity": 2,
            "tags": {},
            "throttling": 0,
            "time_window": 5,
            "timeouts": null,
            "trigger": [
              {
                "metric_trigger": [],
                "operator": "GreaterThan",
                "threshold": 0
              }
            ]
          },
          "sensitive_attributes": [],
          "identity_schema_version": 0,
          "identity": {
            "name": "memory-alert-super-vm",
            "resource_group_name": "test2",
            "subscription_id": "a3bd582e-88e4-4000-970e-b3e76914e628"
          },
          "private": "eyJlMmJmYjczMC1lY2FhLTExZTYtOGY4OC0zNDM2M2JjN2M0YzAiOnsiY3JlYXRlIjoxODAwMDAwMDAwMDAwLCJkZWxldGUiOjE4MDAwMDAwMDAwMDAsInJlYWQiOjMwMDAwMDAwMDAwMCwidXBkYXRlIjoxODAwMDAwMDAwMDAwfSwic2NoZW1hX3ZlcnNpb24iOiIxIn0=",
          "dependencies": [
            "azurerm_linux_virtual_machine.main",
            "azurerm_log_analytics_workspace.main",
            "azurerm_monitor_action_group.main",
            "azurerm_network_interface.main",
            "azurerm_public_ip.main",
            "azurerm_resource_group.main",
            "azurerm_subnet.main",
            "azurerm_virtual_network.main"
          ]
        }
      ]
    },
    {
      "mode": "managed",
      "type": "azurerm_network_interface",
      "name": "main",
      "provider": "provider[\"registry.terraform.io/hashicorp/azurerm\"]",
      "instances": [
        {
          "schema_version": 0,
          "attributes": {
            "accelerated_networking_enabled": false,
            "applied_dns_servers": [],
            "auxiliary_mode": "",
            "auxiliary_sku": "",
            "dns_servers": [],
            "edge_zone": "",
            "id": "/subscriptions/a3bd582e-88e4-4000-970e-b3e76914e628/resourceGroups/test2/providers/Microsoft.Network/networkInterfaces/vm-nic",
            "internal_dns_name_label": "",
            "internal_domain_name_suffix": "",
            "ip_configuration": [
              {
                "gateway_load_balancer_frontend_ip_configuration_id": "",
                "name": "internal",
                "primary": true,
                "private_ip_address": "10.0.1.4",
                "private_ip_address_allocation": "Dynamic",
                "private_ip_address_version": "IPv4",
                "public_ip_address_id": "/subscriptions/a3bd582e-88e4-4000-970e-b3e76914e628/resourceGroups/test2/providers/Microsoft.Network/publicIPAddresses/vm-ip",
                "subnet_id": "/subscriptions/a3bd582e-88e4-4000-970e-b3e76914e628/resourceGroups/test2/providers/Microsoft.Network/virtualNetworks/vm-vnet/subnets/vm-subnet"
              }
            ],
            "ip_forwarding_enabled": false,
            "location": "francecentral",
            "mac_address": "00-22-48-3A-84-C3",
            "name": "vm-nic",
            "private_ip_address": "10.0.1.4",
            "private_ip_addresses": [
              "10.0.1.4"
            ],
            "resource_group_name": "test2",
            "tags": {},
            "timeouts": null,
            "virtual_machine_id": "/subscriptions/a3bd582e-88e4-4000-970e-b3e76914e628/resourceGroups/test2/providers/Microsoft.Compute/virtualMachines/super-vm"
          },
          "sensitive_attributes": [],
          "identity_schema_version": 0,
          "identity": {
            "name": "vm-nic",
            "resource_group_name": "test2",
            "subscription_id": "a3bd582e-88e4-4000-970e-b3e76914e628"
          },
          "private": "eyJlMmJmYjczMC1lY2FhLTExZTYtOGY4OC0zNDM2M2JjN2M0YzAiOnsiY3JlYXRlIjoxODAwMDAwMDAwMDAwLCJkZWxldGUiOjE4MDAwMDAwMDAwMDAsInJlYWQiOjMwMDAwMDAwMDAwMCwidXBkYXRlIjoxODAwMDAwMDAwMDAwfX0=",
          "dependencies": [
            "azurerm_public_ip.main",
            "azurerm_resource_group.main",
            "azurerm_subnet.main",
            "azurerm_virtual_network.main"
          ]
        }
      ]
    },
    {
      "mode": "managed",
      "type": "azurerm_network_interface_security_group_association",
      "name": "nsg_nic_assoc",
      "provider": "provider[\"registry.terraform.io/hashicorp/azurerm\"]",
      "instances": [
        {
          "schema_version": 0,
          "attributes": {
            "id": "/subscriptions/a3bd582e-88e4-4000-970e-b3e76914e628/resourceGroups/test2/providers/Microsoft.Network/networkInterfaces/vm-nic|/subscriptions/a3bd582e-88e4-4000-970e-b3e76914e628/resourceGroups/test2/providers/Microsoft.Network/networkSecurityGroups/nsg-vm-ssh",
            "network_interface_id": "/subscriptions/a3bd582e-88e4-4000-970e-b3e76914e628/resourceGroups/test2/providers/Microsoft.Network/networkInterfaces/vm-nic",
            "network_security_group_id": "/subscriptions/a3bd582e-88e4-4000-970e-b3e76914e628/resourceGroups/test2/providers/Microsoft.Network/networkSecurityGroups/nsg-vm-ssh",
            "timeouts": null
          },
          "sensitive_attributes": [],
          "identity_schema_version": 0,
          "private": "eyJlMmJmYjczMC1lY2FhLTExZTYtOGY4OC0zNDM2M2JjN2M0YzAiOnsiY3JlYXRlIjoxODAwMDAwMDAwMDAwLCJkZWxldGUiOjE4MDAwMDAwMDAwMDAsInJlYWQiOjMwMDAwMDAwMDAwMH19",
          "dependencies": [
            "azurerm_network_interface.main",
            "azurerm_network_security_group.vm_nsg",
            "azurerm_public_ip.main",
            "azurerm_resource_group.main",
            "azurerm_subnet.main",
            "azurerm_virtual_network.main"
          ]
        }
      ]
    },
    {
      "mode": "managed",
      "type": "azurerm_network_security_group",
      "name": "vm_nsg",
      "provider": "provider[\"registry.terraform.io/hashicorp/azurerm\"]",
      "instances": [
        {
          "schema_version": 0,
          "attributes": {
            "id": "/subscriptions/a3bd582e-88e4-4000-970e-b3e76914e628/resourceGroups/test2/providers/Microsoft.Network/networkSecurityGroups/nsg-vm-ssh",
            "location": "francecentral",
            "name": "nsg-vm-ssh",
            "resource_group_name": "test2",
            "security_rule": [
              {
                "access": "Allow",
                "description": "",
                "destination_address_prefix": "*",
                "destination_address_prefixes": [],
                "destination_application_security_group_ids": [],
                "destination_port_range": "22",
                "destination_port_ranges": [],
                "direction": "Inbound",
                "name": "Allow-SSH-From-My-IP",
                "priority": 100,
                "protocol": "Tcp",
                "source_address_prefix": "46.193.69.134/32",
                "source_address_prefixes": [],
                "source_application_security_group_ids": [],
                "source_port_range": "*",
                "source_port_ranges": []
              }
            ],
            "tags": {},
            "timeouts": null
          },
          "sensitive_attributes": [],
          "identity_schema_version": 0,
          "identity": {
            "name": "nsg-vm-ssh",
            "resource_group_name": "test2",
            "subscription_id": "a3bd582e-88e4-4000-970e-b3e76914e628"
          },
          "private": "eyJlMmJmYjczMC1lY2FhLTExZTYtOGY4OC0zNDM2M2JjN2M0YzAiOnsiY3JlYXRlIjoxODAwMDAwMDAwMDAwLCJkZWxldGUiOjE4MDAwMDAwMDAwMDAsInJlYWQiOjMwMDAwMDAwMDAwMCwidXBkYXRlIjoxODAwMDAwMDAwMDAwfX0=",
          "dependencies": [
            "azurerm_resource_group.main"
          ]
        }
      ]
    },
    {
      "mode": "managed",
      "type": "azurerm_public_ip",
      "name": "main",
      "provider": "provider[\"registry.terraform.io/hashicorp/azurerm\"]",
      "instances": [
        {
          "schema_version": 0,
          "attributes": {
            "allocation_method": "Static",
            "ddos_protection_mode": "VirtualNetworkInherited",
            "ddos_protection_plan_id": null,
            "domain_name_label": "super-vm-efrei",
            "domain_name_label_scope": "",
            "edge_zone": "",
            "fqdn": "super-vm-efrei.francecentral.cloudapp.azure.com",
            "id": "/subscriptions/a3bd582e-88e4-4000-970e-b3e76914e628/resourceGroups/test2/providers/Microsoft.Network/publicIPAddresses/vm-ip",
            "idle_timeout_in_minutes": 4,
            "ip_address": "4.212.91.140",
            "ip_tags": {},
            "ip_version": "IPv4",
            "location": "francecentral",
            "name": "vm-ip",
            "public_ip_prefix_id": null,
            "resource_group_name": "test2",
            "reverse_fqdn": "",
            "sku": "Standard",
            "sku_tier": "Regional",
            "tags": {},
            "timeouts": null,
            "zones": []
          },
          "sensitive_attributes": [],
          "identity_schema_version": 0,
          "private": "eyJlMmJmYjczMC1lY2FhLTExZTYtOGY4OC0zNDM2M2JjN2M0YzAiOnsiY3JlYXRlIjoxODAwMDAwMDAwMDAwLCJkZWxldGUiOjE4MDAwMDAwMDAwMDAsInJlYWQiOjMwMDAwMDAwMDAwMCwidXBkYXRlIjoxODAwMDAwMDAwMDAwfX0=",
          "dependencies": [
            "azurerm_resource_group.main"
          ]
        }
      ]
    },
    {
      "mode": "managed",
      "type": "azurerm_resource_group",
      "name": "main",
      "provider": "provider[\"registry.terraform.io/hashicorp/azurerm\"]",
      "instances": [
        {
          "schema_version": 0,
          "attributes": {
            "id": "/subscriptions/a3bd582e-88e4-4000-970e-b3e76914e628/resourceGroups/test2",
            "location": "francecentral",
            "managed_by": "",
            "name": "test2",
            "tags": {},
            "timeouts": null
          },
          "sensitive_attributes": [],
          "identity_schema_version": 0,
          "private": "eyJlMmJmYjczMC1lY2FhLTExZTYtOGY4OC0zNDM2M2JjN2M0YzAiOnsiY3JlYXRlIjo1NDAwMDAwMDAwMDAwLCJkZWxldGUiOjU0MDAwMDAwMDAwMDAsInJlYWQiOjMwMDAwMDAwMDAwMCwidXBkYXRlIjo1NDAwMDAwMDAwMDAwfX0="
        }
      ]
    },
    {
      "mode": "managed",
      "type": "azurerm_role_assignment",
      "name": "vm_blob_access",
      "provider": "provider[\"registry.terraform.io/hashicorp/azurerm\"]",
      "instances": [
        {
          "schema_version": 0,
          "attributes": {
            "condition": "",
            "condition_version": "",
            "delegated_managed_identity_resource_id": "",
            "description": "",
            "id": "/subscriptions/a3bd582e-88e4-4000-970e-b3e76914e628/resourceGroups/test2/providers/Microsoft.Storage/storageAccounts/supervmstorage/providers/Microsoft.Authorization/roleAssignments/970ac9d5-25b1-1f8a-84ce-7d963eca48ee",
            "name": "970ac9d5-25b1-1f8a-84ce-7d963eca48ee",
            "principal_id": "002b254d-7cc9-4d7a-abb4-2fea6bd10baa",
            "principal_type": "ServicePrincipal",
            "role_definition_id": "/subscriptions/a3bd582e-88e4-4000-970e-b3e76914e628/providers/Microsoft.Authorization/roleDefinitions/ba92f5b4-2d11-453d-a403-e96b0029c9fe",
            "role_definition_name": "Storage Blob Data Contributor",
            "scope": "/subscriptions/a3bd582e-88e4-4000-970e-b3e76914e628/resourceGroups/test2/providers/Microsoft.Storage/storageAccounts/supervmstorage",
            "skip_service_principal_aad_check": null,
            "timeouts": null
          },
          "sensitive_attributes": [],
          "identity_schema_version": 0,
          "private": "eyJlMmJmYjczMC1lY2FhLTExZTYtOGY4OC0zNDM2M2JjN2M0YzAiOnsiY3JlYXRlIjoxODAwMDAwMDAwMDAwLCJkZWxldGUiOjE4MDAwMDAwMDAwMDAsInJlYWQiOjMwMDAwMDAwMDAwMH19",
          "dependencies": [
            "azurerm_linux_virtual_machine.main",
            "azurerm_network_interface.main",
            "azurerm_public_ip.main",
            "azurerm_resource_group.main",
            "azurerm_storage_account.main",
            "azurerm_subnet.main",
            "azurerm_virtual_network.main",
            "data.azurerm_virtual_machine.main"
          ]
        }
      ]
    },
    {
      "mode": "managed",
      "type": "azurerm_storage_account",
      "name": "main",
      "provider": "provider[\"registry.terraform.io/hashicorp/azurerm\"]",
      "instances": [
        {
          "schema_version": 4,
          "attributes": {
            "access_tier": "Hot",
            "account_kind": "StorageV2",
            "account_replication_type": "LRS",
            "account_tier": "Standard",
            "allow_nested_items_to_be_public": true,
            "allowed_copy_scope": "",
            "azure_files_authentication": [],
            "blob_properties": [
              {
                "change_feed_enabled": false,
                "change_feed_retention_in_days": 0,
                "container_delete_retention_policy": [],
                "cors_rule": [],
                "default_service_version": "",
                "delete_retention_policy": [],
                "last_access_time_enabled": false,
                "restore_policy": [],
                "versioning_enabled": false
              }
            ],
            "cross_tenant_replication_enabled": false,
            "custom_domain": [],
            "customer_managed_key": [],
            "default_to_oauth_authentication": false,
            "dns_endpoint_type": "Standard",
            "edge_zone": "",
            "https_traffic_only_enabled": true,
            "id": "/subscriptions/a3bd582e-88e4-4000-970e-b3e76914e628/resourceGroups/test2/providers/Microsoft.Storage/storageAccounts/supervmstorage",
            "identity": [],
            "immutability_policy": [],
            "infrastructure_encryption_enabled": false,
            "is_hns_enabled": false,
            "large_file_share_enabled": false,
            "local_user_enabled": true,
            "location": "francecentral",
            "min_tls_version": "TLS1_2",
            "name": "supervmstorage",
            "network_rules": [],
            "nfsv3_enabled": false,
            "primary_access_key": "fsOiI33HcUO4FS06YJVAjbUr77TDnEO7haJT/iLryHI4hqmwWWFyhllxO7Y7Von2vuMOLymyn0Ph+AStUd1EWg==",
            "primary_blob_connection_string": "DefaultEndpointsProtocol=https;BlobEndpoint=https://supervmstorage.blob.core.windows.net/;AccountName=supervmstorage;AccountKey=fsOiI33HcUO4FS06YJVAjbUr77TDnEO7haJT/iLryHI4hqmwWWFyhllxO7Y7Von2vuMOLymyn0Ph+AStUd1EWg==",
            "primary_blob_endpoint": "https://supervmstorage.blob.core.windows.net/",
            "primary_blob_host": "supervmstorage.blob.core.windows.net",
            "primary_blob_internet_endpoint": "",
            "primary_blob_internet_host": "",
            "primary_blob_microsoft_endpoint": "",
            "primary_blob_microsoft_host": "",
            "primary_connection_string": "DefaultEndpointsProtocol=https;AccountName=supervmstorage;AccountKey=fsOiI33HcUO4FS06YJVAjbUr77TDnEO7haJT/iLryHI4hqmwWWFyhllxO7Y7Von2vuMOLymyn0Ph+AStUd1EWg==;EndpointSuffix=core.windows.net",
            "primary_dfs_endpoint": "https://supervmstorage.dfs.core.windows.net/",
            "primary_dfs_host": "supervmstorage.dfs.core.windows.net",
            "primary_dfs_internet_endpoint": "",
            "primary_dfs_internet_host": "",
            "primary_dfs_microsoft_endpoint": "",
            "primary_dfs_microsoft_host": "",
            "primary_file_endpoint": "https://supervmstorage.file.core.windows.net/",
            "primary_file_host": "supervmstorage.file.core.windows.net",
            "primary_file_internet_endpoint": "",
            "primary_file_internet_host": "",
            "primary_file_microsoft_endpoint": "",
            "primary_file_microsoft_host": "",
            "primary_location": "francecentral",
            "primary_queue_endpoint": "https://supervmstorage.queue.core.windows.net/",
            "primary_queue_host": "supervmstorage.queue.core.windows.net",
            "primary_queue_microsoft_endpoint": "",
            "primary_queue_microsoft_host": "",
            "primary_table_endpoint": "https://supervmstorage.table.core.windows.net/",
            "primary_table_host": "supervmstorage.table.core.windows.net",
            "primary_table_microsoft_endpoint": "",
            "primary_table_microsoft_host": "",
            "primary_web_endpoint": "https://supervmstorage.z28.web.core.windows.net/",
            "primary_web_host": "supervmstorage.z28.web.core.windows.net",
            "primary_web_internet_endpoint": "",
            "primary_web_internet_host": "",
            "primary_web_microsoft_endpoint": "",
            "primary_web_microsoft_host": "",
            "provisioned_billing_model_version": "",
            "public_network_access_enabled": true,
            "queue_encryption_key_type": "Service",
            "queue_properties": [
              {
                "cors_rule": [],
                "hour_metrics": [
                  {
                    "enabled": false,
                    "include_apis": false,
                    "retention_policy_days": 0,
                    "version": "1.0"
                  }
                ],
                "logging": [
                  {
                    "delete": false,
                    "read": false,
                    "retention_policy_days": 0,
                    "version": "1.0",
                    "write": false
                  }
                ],
                "minute_metrics": [
                  {
                    "enabled": false,
                    "include_apis": false,
                    "retention_policy_days": 0,
                    "version": "1.0"
                  }
                ]
              }
            ],
            "resource_group_name": "test2",
            "routing": [],
            "sas_policy": [],
            "secondary_access_key": "7EVoaOvYKW2Itn6pyOprhqh+Qd9z7sNMpRYDG6stXdhV3c43tnUd8e/txd4qsstsrazQgYJ0afN6+AStC/gwGw==",
            "secondary_blob_connection_string": "",
            "secondary_blob_endpoint": "",
            "secondary_blob_host": "",
            "secondary_blob_internet_endpoint": "",
            "secondary_blob_internet_host": "",
            "secondary_blob_microsoft_endpoint": "",
            "secondary_blob_microsoft_host": "",
            "secondary_connection_string": "DefaultEndpointsProtocol=https;AccountName=supervmstorage;AccountKey=7EVoaOvYKW2Itn6pyOprhqh+Qd9z7sNMpRYDG6stXdhV3c43tnUd8e/txd4qsstsrazQgYJ0afN6+AStC/gwGw==;EndpointSuffix=core.windows.net",
            "secondary_dfs_endpoint": "",
            "secondary_dfs_host": "",
            "secondary_dfs_internet_endpoint": "",
            "secondary_dfs_internet_host": "",
            "secondary_dfs_microsoft_endpoint": "",
            "secondary_dfs_microsoft_host": "",
            "secondary_file_endpoint": "",
            "secondary_file_host": "",
            "secondary_file_internet_endpoint": "",
            "secondary_file_internet_host": "",
            "secondary_file_microsoft_endpoint": "",
            "secondary_file_microsoft_host": "",
            "secondary_location": "",
            "secondary_queue_endpoint": "",
            "secondary_queue_host": "",
            "secondary_queue_microsoft_endpoint": "",
            "secondary_queue_microsoft_host": "",
            "secondary_table_endpoint": "",
            "secondary_table_host": "",
            "secondary_table_microsoft_endpoint": "",
            "secondary_table_microsoft_host": "",
            "secondary_web_endpoint": "",
            "secondary_web_host": "",
            "secondary_web_internet_endpoint": "",
            "secondary_web_internet_host": "",
            "secondary_web_microsoft_endpoint": "",
            "secondary_web_microsoft_host": "",
            "sftp_enabled": false,
            "share_properties": [
              {
                "cors_rule": [],
                "retention_policy": [
                  {
                    "days": 7
                  }
                ],
                "smb": []
              }
            ],
            "shared_access_key_enabled": true,
            "static_website": [],
            "table_encryption_key_type": "Service",
            "tags": {},
            "timeouts": null
          },
          "sensitive_attributes": [
            [
              {
                "type": "get_attr",
                "value": "primary_access_key"
              }
            ],
            [
              {
                "type": "get_attr",
                "value": "primary_blob_connection_string"
              }
            ],
            [
              {
                "type": "get_attr",
                "value": "primary_connection_string"
              }
            ],
            [
              {
                "type": "get_attr",
                "value": "secondary_access_key"
              }
            ],
            [
              {
                "type": "get_attr",
                "value": "secondary_blob_connection_string"
              }
            ],
            [
              {
                "type": "get_attr",
                "value": "secondary_connection_string"
              }
            ]
          ],
          "identity_schema_version": 0,
          "identity": {
            "name": "supervmstorage",
            "resource_group_name": "test2",
            "subscription_id": "a3bd582e-88e4-4000-970e-b3e76914e628"
          },
          "private": "eyJlMmJmYjczMC1lY2FhLTExZTYtOGY4OC0zNDM2M2JjN2M0YzAiOnsiY3JlYXRlIjozNjAwMDAwMDAwMDAwLCJkZWxldGUiOjM2MDAwMDAwMDAwMDAsInJlYWQiOjMwMDAwMDAwMDAwMCwidXBkYXRlIjozNjAwMDAwMDAwMDAwfSwic2NoZW1hX3ZlcnNpb24iOiI0In0=",
          "dependencies": [
            "azurerm_resource_group.main"
          ]
        }
      ]
    },
    {
      "mode": "managed",
      "type": "azurerm_storage_container",
      "name": "meowcontainer",
      "provider": "provider[\"registry.terraform.io/hashicorp/azurerm\"]",
      "instances": [
        {
          "schema_version": 1,
          "attributes": {
            "container_access_type": "private",
            "default_encryption_scope": "$account-encryption-key",
            "encryption_scope_override_enabled": true,
            "has_immutability_policy": false,
            "has_legal_hold": false,
            "id": "/subscriptions/a3bd582e-88e4-4000-970e-b3e76914e628/resourceGroups/test2/providers/Microsoft.Storage/storageAccounts/supervmstorage/blobServices/default/containers/mycontainer",
            "metadata": {},
            "name": "mycontainer",
            "resource_manager_id": "/subscriptions/a3bd582e-88e4-4000-970e-b3e76914e628/resourceGroups/test2/providers/Microsoft.Storage/storageAccounts/supervmstorage/blobServices/default/containers/mycontainer",
            "storage_account_id": "/subscriptions/a3bd582e-88e4-4000-970e-b3e76914e628/resourceGroups/test2/providers/Microsoft.Storage/storageAccounts/supervmstorage",
            "storage_account_name": "",
            "timeouts": null
          },
          "sensitive_attributes": [],
          "identity_schema_version": 0,
          "private": "eyJlMmJmYjczMC1lY2FhLTExZTYtOGY4OC0zNDM2M2JjN2M0YzAiOnsiY3JlYXRlIjoxODAwMDAwMDAwMDAwLCJkZWxldGUiOjE4MDAwMDAwMDAwMDAsInJlYWQiOjMwMDAwMDAwMDAwMCwidXBkYXRlIjoxODAwMDAwMDAwMDAwfSwic2NoZW1hX3ZlcnNpb24iOiIxIn0=",
          "dependencies": [
            "azurerm_resource_group.main",
            "azurerm_storage_account.main"
          ]
        }
      ]
    },
    {
      "mode": "managed",
      "type": "azurerm_subnet",
      "name": "main",
      "provider": "provider[\"registry.terraform.io/hashicorp/azurerm\"]",
      "instances": [
        {
          "schema_version": 0,
          "attributes": {
            "address_prefixes": [
              "10.0.1.0/24"
            ],
            "default_outbound_access_enabled": true,
            "delegation": [],
            "id": "/subscriptions/a3bd582e-88e4-4000-970e-b3e76914e628/resourceGroups/test2/providers/Microsoft.Network/virtualNetworks/vm-vnet/subnets/vm-subnet",
            "ip_address_pool": [],
            "name": "vm-subnet",
            "private_endpoint_network_policies": "Disabled",
            "private_link_service_network_policies_enabled": true,
            "resource_group_name": "test2",
            "service_endpoint_policy_ids": [],
            "service_endpoints": [],
            "sharing_scope": "",
            "timeouts": null,
            "virtual_network_name": "vm-vnet"
          },
          "sensitive_attributes": [],
          "identity_schema_version": 0,
          "identity": {
            "name": "vm-subnet",
            "resource_group_name": "test2",
            "subscription_id": "a3bd582e-88e4-4000-970e-b3e76914e628",
            "virtual_network_name": "vm-vnet"
          },
          "private": "eyJlMmJmYjczMC1lY2FhLTExZTYtOGY4OC0zNDM2M2JjN2M0YzAiOnsiY3JlYXRlIjoxODAwMDAwMDAwMDAwLCJkZWxldGUiOjE4MDAwMDAwMDAwMDAsInJlYWQiOjMwMDAwMDAwMDAwMCwidXBkYXRlIjoxODAwMDAwMDAwMDAwfX0=",
          "dependencies": [
            "azurerm_resource_group.main",
            "azurerm_virtual_network.main"
          ]
        }
      ]
    },
    {
      "mode": "managed",
      "type": "azurerm_virtual_network",
      "name": "main",
      "provider": "provider[\"registry.terraform.io/hashicorp/azurerm\"]",
      "instances": [
        {
          "schema_version": 0,
          "attributes": {
            "address_space": [
              "10.0.0.0/16"
            ],
            "bgp_community": "",
            "ddos_protection_plan": [],
            "dns_servers": [],
            "edge_zone": "",
            "encryption": [],
            "flow_timeout_in_minutes": 0,
            "guid": "4797adcd-3ecc-4a31-87fd-ebf0d270a164",
            "id": "/subscriptions/a3bd582e-88e4-4000-970e-b3e76914e628/resourceGroups/test2/providers/Microsoft.Network/virtualNetworks/vm-vnet",
            "ip_address_pool": [],
            "location": "francecentral",
            "name": "vm-vnet",
            "private_endpoint_vnet_policies": "Disabled",
            "resource_group_name": "test2",
            "subnet": [
              {
                "address_prefixes": [
                  "10.0.1.0/24"
                ],
                "default_outbound_access_enabled": true,
                "delegation": [],
                "id": "/subscriptions/a3bd582e-88e4-4000-970e-b3e76914e628/resourceGroups/test2/providers/Microsoft.Network/virtualNetworks/vm-vnet/subnets/vm-subnet",
                "name": "vm-subnet",
                "private_endpoint_network_policies": "Disabled",
                "private_link_service_network_policies_enabled": true,
                "route_table_id": "",
                "security_group": "",
                "service_endpoint_policy_ids": [],
                "service_endpoints": []
              }
            ],
            "tags": {},
            "timeouts": null
          },
          "sensitive_attributes": [],
          "identity_schema_version": 0,
          "identity": {
            "name": "vm-vnet",
            "resource_group_name": "test2",
            "subscription_id": "a3bd582e-88e4-4000-970e-b3e76914e628"
          },
          "private": "eyJlMmJmYjczMC1lY2FhLTExZTYtOGY4OC0zNDM2M2JjN2M0YzAiOnsiY3JlYXRlIjoxODAwMDAwMDAwMDAwLCJkZWxldGUiOjE4MDAwMDAwMDAwMDAsInJlYWQiOjMwMDAwMDAwMDAwMCwidXBkYXRlIjoxODAwMDAwMDAwMDAwfX0=",
          "dependencies": [
            "azurerm_resource_group.main"
          ]
        }
      ]
    },
    {
      "mode": "managed",
      "type": "random_password",
      "name": "meow_secret",
      "provider": "provider[\"registry.terraform.io/hashicorp/random\"]",
      "instances": [
        {
          "schema_version": 3,
          "attributes": {
            "bcrypt_hash": "$2a$10$wvPhN99lro8adETHx7fN0.zsYduFoFJApol3MJZC2PgFYvJ8ale6S",
            "id": "none",
            "keepers": null,
            "length": 16,
            "lower": true,
            "min_lower": 0,
            "min_numeric": 0,
            "min_special": 0,
            "min_upper": 0,
            "number": true,
            "numeric": true,
            "override_special": "@#$%^\u0026*()",
            "result": "ZcY9vv2M##O32Nc2",
            "special": true,
            "upper": true
          },
          "sensitive_attributes": [
            [
              {
                "type": "get_attr",
                "value": "bcrypt_hash"
              }
            ],
            [
              {
                "type": "get_attr",
                "value": "result"
              }
            ]
          ],
          "identity_schema_version": 0
        }
      ]
    }
  ],
  "check_results": null
}
